{
  "nodes": {
    "nixpkgs": {
      "locked": {
        "lastModified": 1716725080,
        "narHash": "sha256-bLkiHacoVVsGg7hRCagv9+KKTHf/Rn84HuU+nv02hkk=",
        "owner": "NixOS",
        "repo": "nixpkgs",
        "rev": "1266f3820e6a279bbf15294557c166237b45c10d",
        "type": "github"
      },
      "original": {
        "owner": "NixOS",
        "repo": "nixpkgs",
        "rev": "1266f3820e6a279bbf15294557c166237b45c10d",
        "type": "github"
      }
    },
    "root": {
      "inputs": {
        "nixpkgs": "nixpkgs"
      }
    }
  },
  "root": "root",
  "version": 7
}
